
Microsoft Visual Studio Solution File, Format Version 12.00
# Visual Studio Version 17
VisualStudioVersion = 17.10.35013.160
MinimumVisualStudioVersion = 10.0.40219.1
Project("{888888A0-9F3D-457C-B088-3A5042F75D52}") = "ReactionSpeed", "ReactionSpeed\ReactionSpeed.pyproj", "{26720B5E-C647-4C28-ADE3-374012FB7097}"
EndProject
Global
	GlobalSection(SolutionConfigurationPlatforms) = preSolution
		Debug|Any CPU = Debug|Any CPU
		Release|Any CPU = Release|Any CPU
	EndGlobalSection
	GlobalSection(ProjectConfigurationPlatforms) = postSolution
		{26720B5E-C647-4C28-ADE3-374012FB7097}.Debug|Any CPU.ActiveCfg = Debug|Any CPU
		{26720B5E-C647-4C28-ADE3-374012FB7097}.Release|Any CPU.ActiveCfg = Release|Any CPU
	EndGlobalSection
	GlobalSection(SolutionProperties) = preSolution
		HideSolutionNode = FALSE
	EndGlobalSection
	GlobalSection(ExtensibilityGlobals) = postSolution
		SolutionGuid = {440ADDE8-94EA-44EF-9DCE-526F223B14D3}
	EndGlobalSection
EndGlobal
